{
  "name": "iwterm",
  "version": "1.0.5",
  "lockfileVersion": 3,
  "requires": true,
  "packages": {
    "": {
      "name": "iwterm",
      "version": "1.0.5",
      "dependencies": {
        "adm-zip": "^0.5.16",
        "env-win": "^0.0.0",
        "follow-redirects": "^1.15.9"
      },
      "bin": {
        "iwterm": "dist/index.js"
      },
      "devDependencies": {
        "@types/adm-zip": "^0.5.6",
        "@types/axios": "^0.9.36",
        "@types/follow-redirects": "^1.14.4",
        "@types/winreg": "^1.2.36",
        "typescript": "^5.6.3"
      }
    },
    "node_modules/@types/adm-zip": {
      "version": "0.5.6",
      "resolved": "https://registry.npmjs.org/@types/adm-zip/-/adm-zip-0.5.6.tgz",
      "integrity": "sha512-lRlcSLg5Yoo7C2H2AUiAoYlvifWoCx/se7iUNiCBTfEVVYFVn+Tr9ZGed4K73tYgLe9O4PjdJvbxlkdAOx/qiw==",
      "dev": true,
      "license": "MIT",
      "dependencies": {
        "@types/node": "*"
      }
    },
    "node_modules/@types/axios": {
      "version": "0.9.36",
      "resolved": "https://registry.npmjs.org/@types/axios/-/axios-0.9.36.tgz",
      "integrity": "sha512-NLOpedx9o+rxo/X5ChbdiX6mS1atE4WHmEEIcR9NLenRVa5HoVjAvjafwU3FPTqnZEstpoqCaW7fagqSoTDNeg==",
      "dev": true,
      "license": "MIT"
    },
    "node_modules/@types/follow-redirects": {
      "version": "1.14.4",
      "resolved": "https://registry.npmjs.org/@types/follow-redirects/-/follow-redirects-1.14.4.tgz",
      "integrity": "sha512-GWXfsD0Jc1RWiFmMuMFCpXMzi9L7oPDVwxUnZdg89kDNnqsRfUKXEtUYtA98A6lig1WXH/CYY/fvPW9HuN5fTA==",
      "dev": true,
      "dependencies": {
        "@types/node": "*"
      }
    },
    "node_modules/@types/node": {
      "version": "22.9.0",
      "resolved": "https://registry.npmjs.org/@types/node/-/node-22.9.0.tgz",
      "integrity": "sha512-vuyHg81vvWA1Z1ELfvLko2c8f34gyA0zaic0+Rllc5lbCnbSyuvb2Oxpm6TAUAC/2xZN3QGqxBNggD1nNR2AfQ==",
      "dev": true,
      "license": "MIT",
      "dependencies": {
        "undici-types": "~6.19.8"
      }
    },
    "node_modules/@types/winreg": {
      "version": "1.2.36",
      "resolved": "https://registry.npmjs.org/@types/winreg/-/winreg-1.2.36.tgz",
      "integrity": "sha512-DtafHy5A8hbaosXrbr7YdjQZaqVewXmiasRS5J4tYMzt3s1gkh40ixpxgVFfKiQ0JIYetTJABat47v9cpr/sQg==",
      "dev": true,
      "license": "MIT"
    },
    "node_modules/adm-zip": {
      "version": "0.5.16",
      "resolved": "https://registry.npmjs.org/adm-zip/-/adm-zip-0.5.16.tgz",
      "integrity": "sha512-TGw5yVi4saajsSEgz25grObGHEUaDrniwvA2qwSC060KfqGPdglhvPMA2lPIoxs3PQIItj2iag35fONcQqgUaQ==",
      "license": "MIT",
      "engines": {
        "node": ">=12.0"
      }
    },
    "node_modules/env-win": {
      "version": "0.0.0",
      "resolved": "https://registry.npmjs.org/env-win/-/env-win-0.0.0.tgz",
      "integrity": "sha512-4wI52W6ICTEsfOQ8n3KJkK03D60DCgef/yomQJxNRjWN/R9Mkw+29O04qduBBu1Vs3jWCFXxR4XeohynNR1drw=="
    },
    "node_modules/follow-redirects": {
      "version": "1.15.9",
      "resolved": "https://registry.npmjs.org/follow-redirects/-/follow-redirects-1.15.9.tgz",
      "integrity": "sha512-gew4GsXizNgdoRyqmyfMHyAmXsZDk6mHkSxZFCzW9gwlbtOW44CDtYavM+y+72qD/Vq2l550kMF52DT8fOLJqQ==",
      "funding": [
        {
          "type": "individual",
          "url": "https://github.com/sponsors/RubenVerborgh"
        }
      ],
      "engines": {
        "node": ">=4.0"
      },
      "peerDependenciesMeta": {
        "debug": {
          "optional": true
        }
      }
    },
    "node_modules/typescript": {
      "version": "5.6.3",
      "resolved": "https://registry.npmjs.org/typescript/-/typescript-5.6.3.tgz",
      "integrity": "sha512-hjcS1mhfuyi4WW8IWtjP7brDrG2cuDZukyrYrSauoXGNgx0S7zceP07adYkJycEr56BOUTNPzbInooiN3fn1qw==",
      "dev": true,
      "license": "Apache-2.0",
      "bin": {
        "tsc": "bin/tsc",
        "tsserver": "bin/tsserver"
      },
      "engines": {
        "node": ">=14.17"
      }
    },
    "node_modules/undici-types": {
      "version": "6.19.8",
      "resolved": "https://registry.npmjs.org/undici-types/-/undici-types-6.19.8.tgz",
      "integrity": "sha512-ve2KP6f/JnbPBFyobGHuerC9g1FYGn/F8n1LWTwNxCEzd6IfqTwUQcNXgEtmmQ6DlRrC1hrSrBnCZPokRrDHjw==",
      "dev": true,
      "license": "MIT"
    }
  }
}
