{
  "name": "iwint",
  "version": "1.0.1",
  "lockfileVersion": 3,
  "requires": true,
  "packages": {
    "": {
      "name": "iwint",
      "version": "1.0.1",
      "dependencies": {
        "adm-zip": "^0.5.16",
        "env-win": "^0.0.0",
        "follow-redirects": "^1.15.9"
      },
      "bin": {
        "iwint": "dist/bin.js"
      },
      "devDependencies": {
        "@angablue/exe": "^3.2.3",
        "@types/adm-zip": "^0.5.6",
        "@types/follow-redirects": "^1.14.4",
        "typescript": "^5.6.3"
      }
    },
    "node_modules/@angablue/exe": {
      "version": "3.2.3",
      "resolved": "https://registry.npmjs.org/@angablue/exe/-/exe-3.2.3.tgz",
      "integrity": "sha512-1PqywUrQYWu0kTB2QXDS+Gly1nKDfysl3BqRQZ3eHk1gzxHqTEOFsgHmi4VQcbcZe04Zo7gdizFw0KNbn84rrA==",
      "dev": true,
      "dependencies": {
        "@vercel/ncc": "^0.38.1",
        "postject": "1.0.0-alpha.6",
        "resedit": "^2.0.2",
        "signtool": "^1.0.0"
      },
      "bin": {
        "exe": "dist/cli.js"
      },
      "engines": {
        "node": ">=20.0.0"
      }
    },
    "node_modules/@types/adm-zip": {
      "version": "0.5.6",
      "resolved": "https://registry.npmjs.org/@types/adm-zip/-/adm-zip-0.5.6.tgz",
      "integrity": "sha512-lRlcSLg5Yoo7C2H2AUiAoYlvifWoCx/se7iUNiCBTfEVVYFVn+Tr9ZGed4K73tYgLe9O4PjdJvbxlkdAOx/qiw==",
      "dev": true,
      "license": "MIT",
      "dependencies": {
        "@types/node": "*"
      }
    },
    "node_modules/@types/follow-redirects": {
      "version": "1.14.4",
      "resolved": "https://registry.npmjs.org/@types/follow-redirects/-/follow-redirects-1.14.4.tgz",
      "integrity": "sha512-GWXfsD0Jc1RWiFmMuMFCpXMzi9L7oPDVwxUnZdg89kDNnqsRfUKXEtUYtA98A6lig1WXH/CYY/fvPW9HuN5fTA==",
      "dev": true,
      "dependencies": {
        "@types/node": "*"
      }
    },
    "node_modules/@types/node": {
      "version": "22.9.0",
      "resolved": "https://registry.npmjs.org/@types/node/-/node-22.9.0.tgz",
      "integrity": "sha512-vuyHg81vvWA1Z1ELfvLko2c8f34gyA0zaic0+Rllc5lbCnbSyuvb2Oxpm6TAUAC/2xZN3QGqxBNggD1nNR2AfQ==",
      "dev": true,
      "license": "MIT",
      "dependencies": {
        "undici-types": "~6.19.8"
      }
    },
    "node_modules/@vercel/ncc": {
      "version": "0.38.2",
      "resolved": "https://registry.npmjs.org/@vercel/ncc/-/ncc-0.38.2.tgz",
      "integrity": "sha512-3yel3jaxUg9pHBv4+KeC9qlbdZPug+UMtUOlhvpDYCMSgcNSrS2Hv1LoqMsOV7hf2lYscx+BESfJOIla1WsmMQ==",
      "dev": true,
      "bin": {
        "ncc": "dist/ncc/cli.js"
      }
    },
    "node_modules/adm-zip": {
      "version": "0.5.16",
      "resolved": "https://registry.npmjs.org/adm-zip/-/adm-zip-0.5.16.tgz",
      "integrity": "sha512-TGw5yVi4saajsSEgz25grObGHEUaDrniwvA2qwSC060KfqGPdglhvPMA2lPIoxs3PQIItj2iag35fONcQqgUaQ==",
      "license": "MIT",
      "engines": {
        "node": ">=12.0"
      }
    },
    "node_modules/commander": {
      "version": "9.5.0",
      "resolved": "https://registry.npmjs.org/commander/-/commander-9.5.0.tgz",
      "integrity": "sha512-KRs7WVDKg86PWiuAqhDrAQnTXZKraVcCc6vFdL14qrZ/DcWwuRo7VoiYXalXO7S5GKpqYiVEwCbgFDfxNHKJBQ==",
      "dev": true,
      "engines": {
        "node": "^12.20.0 || >=14"
      }
    },
    "node_modules/env-win": {
      "version": "0.0.0",
      "resolved": "https://registry.npmjs.org/env-win/-/env-win-0.0.0.tgz",
      "integrity": "sha512-4wI52W6ICTEsfOQ8n3KJkK03D60DCgef/yomQJxNRjWN/R9Mkw+29O04qduBBu1Vs3jWCFXxR4XeohynNR1drw=="
    },
    "node_modules/follow-redirects": {
      "version": "1.15.9",
      "resolved": "https://registry.npmjs.org/follow-redirects/-/follow-redirects-1.15.9.tgz",
      "integrity": "sha512-gew4GsXizNgdoRyqmyfMHyAmXsZDk6mHkSxZFCzW9gwlbtOW44CDtYavM+y+72qD/Vq2l550kMF52DT8fOLJqQ==",
      "funding": [
        {
          "type": "individual",
          "url": "https://github.com/sponsors/RubenVerborgh"
        }
      ],
      "engines": {
        "node": ">=4.0"
      },
      "peerDependenciesMeta": {
        "debug": {
          "optional": true
        }
      }
    },
    "node_modules/pe-library": {
      "version": "1.0.1",
      "resolved": "https://registry.npmjs.org/pe-library/-/pe-library-1.0.1.tgz",
      "integrity": "sha512-nh39Mo1eGWmZS7y+mK/dQIqg7S1lp38DpRxkyoHf0ZcUs/HDc+yyTjuOtTvSMZHmfSLuSQaX945u05Y2Q6UWZg==",
      "dev": true,
      "engines": {
        "node": ">=14",
        "npm": ">=7"
      },
      "funding": {
        "type": "github",
        "url": "https://github.com/sponsors/jet2jet"
      }
    },
    "node_modules/postject": {
      "version": "1.0.0-alpha.6",
      "resolved": "https://registry.npmjs.org/postject/-/postject-1.0.0-alpha.6.tgz",
      "integrity": "sha512-b9Eb8h2eVqNE8edvKdwqkrY6O7kAwmI8kcnBv1NScolYJbo59XUF0noFq+lxbC1yN20bmC0WBEbDC5H/7ASb0A==",
      "dev": true,
      "dependencies": {
        "commander": "^9.4.0"
      },
      "bin": {
        "postject": "dist/cli.js"
      },
      "engines": {
        "node": ">=14.0.0"
      }
    },
    "node_modules/resedit": {
      "version": "2.0.3",
      "resolved": "https://registry.npmjs.org/resedit/-/resedit-2.0.3.tgz",
      "integrity": "sha512-oTeemxwoMuxxTYxXUwjkrOPfngTQehlv0/HoYFNkB4uzsP1Un1A9nI8JQKGOFkxpqkC7qkMs0lUsGrvUlbLNUA==",
      "dev": true,
      "dependencies": {
        "pe-library": "^1.0.1"
      },
      "engines": {
        "node": ">=14",
        "npm": ">=7"
      },
      "funding": {
        "type": "github",
        "url": "https://github.com/sponsors/jet2jet"
      }
    },
    "node_modules/signtool": {
      "version": "1.0.0",
      "resolved": "https://registry.npmjs.org/signtool/-/signtool-1.0.0.tgz",
      "integrity": "sha512-uzzt9lomG7ZusAss1nMMxbR3909BD0kze7yUPklCNVAs2HYkFPSvJtJOv2F4T1Kx+9Vj+AvcsQkWes78OSu75Q==",
      "dev": true
    },
    "node_modules/typescript": {
      "version": "5.6.3",
      "resolved": "https://registry.npmjs.org/typescript/-/typescript-5.6.3.tgz",
      "integrity": "sha512-hjcS1mhfuyi4WW8IWtjP7brDrG2cuDZukyrYrSauoXGNgx0S7zceP07adYkJycEr56BOUTNPzbInooiN3fn1qw==",
      "dev": true,
      "license": "Apache-2.0",
      "bin": {
        "tsc": "bin/tsc",
        "tsserver": "bin/tsserver"
      },
      "engines": {
        "node": ">=14.17"
      }
    },
    "node_modules/undici-types": {
      "version": "6.19.8",
      "resolved": "https://registry.npmjs.org/undici-types/-/undici-types-6.19.8.tgz",
      "integrity": "sha512-ve2KP6f/JnbPBFyobGHuerC9g1FYGn/F8n1LWTwNxCEzd6IfqTwUQcNXgEtmmQ6DlRrC1hrSrBnCZPokRrDHjw==",
      "dev": true,
      "license": "MIT"
    }
  }
}
